<?xml version="1.0" encoding="utf-8"?>
<Project ToolsVersion="4.0" xmlns="http://schemas.microsoft.com/developer/msbuild/2003">
  <ItemGroup>
    <Filter Include="소스 파일">
      <UniqueIdentifier>{4FC737F1-C7A5-4376-A066-2A32D752A2FF}</UniqueIdentifier>
      <Extensions>cpp;c;cc;cxx;def;odl;idl;hpj;bat;asm;asmx</Extensions>
    </Filter>
    <Filter Include="헤더 파일">
      <UniqueIdentifier>{93995380-89BD-4b04-88EB-625FBE52EBFB}</UniqueIdentifier>
      <Extensions>h;hh;hpp;hxx;hm;inl;inc;xsd</Extensions>
    </Filter>
    <Filter Include="리소스 파일">
      <UniqueIdentifier>{67DA6AB6-F800-4c08-8B7A-83BB121AAD01}</UniqueIdentifier>
      <Extensions>rc;ico;cur;bmp;dlg;rc2;rct;bin;rgs;gif;jpg;jpeg;jpe;resx;tiff;tif;png;wav;mfcribbon-ms</Extensions>
    </Filter>
    <Filter Include="Framework">
      <UniqueIdentifier>{1890236f-af94-4813-bdbc-50193ae858dd}</UniqueIdentifier>
    </Filter>
    <Filter Include="Scene">
      <UniqueIdentifier>{a8a968ac-2d24-4e0d-81d0-69f13f785b86}</UniqueIdentifier>
    </Filter>
    <Filter Include="Object">
      <UniqueIdentifier>{6d9243c4-b188-4193-b755-873e2867a326}</UniqueIdentifier>
    </Filter>
  </ItemGroup>
  <ItemGroup>
    <Text Include="ReadMe.txt" />
  </ItemGroup>
  <ItemGroup>
    <ClInclude Include="stdafx.h">
      <Filter>헤더 파일</Filter>
    </ClInclude>
    <ClInclude Include="targetver.h">
      <Filter>헤더 파일</Filter>
    </ClInclude>
    <ClInclude Include="resource.h">
      <Filter>헤더 파일</Filter>
    </ClInclude>
    <ClInclude Include="GameServerProgramming_TermProject_Client_2013180006JaeHwanKim.h">
      <Filter>헤더 파일</Filter>
    </ClInclude>
    <ClInclude Include="Framework.h">
      <Filter>Framework</Filter>
    </ClInclude>
    <ClInclude Include="Scene000_BaseScene.h">
      <Filter>Scene</Filter>
    </ClInclude>
    <ClInclude Include="Scene001_LogoScene.h">
      <Filter>Scene</Filter>
    </ClInclude>
    <ClInclude Include="Object000_BaseObject.h">
      <Filter>Object</Filter>
    </ClInclude>
    <ClInclude Include="ResourceManager.h">
      <Filter>Framework</Filter>
    </ClInclude>
    <ClInclude Include="Scene002_TitleScene.h">
      <Filter>Scene</Filter>
    </ClInclude>
    <ClInclude Include="Scene003_CharacterSelectScene.h">
      <Filter>Scene</Filter>
    </ClInclude>
    <ClInclude Include="Scene101_FirstFieldScene.h">
      <Filter>Scene</Filter>
    </ClInclude>
    <ClInclude Include="Object003_AttackObject.h">
      <Filter>Object</Filter>
    </ClInclude>
    <ClInclude Include="Object001_BaseLifeObject.h">
      <Filter>Object</Filter>
    </ClInclude>
    <ClInclude Include="Object002_MovingObject.h">
      <Filter>Object</Filter>
    </ClInclude>
    <ClInclude Include="Object004_BasePlayer.h">
      <Filter>Object</Filter>
    </ClInclude>
    <ClInclude Include="Object005_MyPlayer.h">
      <Filter>Object</Filter>
    </ClInclude>
    <ClInclude Include="..\..\GameServerP-TermProject_Server\GameServerP-TermProject_Server\2019_화목_protocol.h">
      <Filter>헤더 파일</Filter>
    </ClInclude>
  </ItemGroup>
  <ItemGroup>
    <ClCompile Include="stdafx.cpp">
      <Filter>소스 파일</Filter>
    </ClCompile>
    <ClCompile Include="GameServerProgramming_TermProject_Client_2013180006JaeHwanKim.cpp">
      <Filter>소스 파일</Filter>
    </ClCompile>
    <ClCompile Include="Framework.cpp">
      <Filter>Framework</Filter>
    </ClCompile>
    <ClCompile Include="Scene001_LogoScene.cpp">
      <Filter>Scene</Filter>
    </ClCompile>
    <ClCompile Include="Object000_BaseObject.cpp">
      <Filter>Object</Filter>
    </ClCompile>
    <ClCompile Include="ResourceManager.cpp">
      <Filter>Framework</Filter>
    </ClCompile>
    <ClCompile Include="Scene002_TitleScene.cpp">
      <Filter>Scene</Filter>
    </ClCompile>
    <ClCompile Include="Scene003_CharacterSelectScene.cpp">
      <Filter>Scene</Filter>
    </ClCompile>
    <ClCompile Include="Scene101_FirstFieldScene.cpp">
      <Filter>Scene</Filter>
    </ClCompile>
    <ClCompile Include="Object003_AttackObject.cpp">
      <Filter>Object</Filter>
    </ClCompile>
    <ClCompile Include="Object001_BaseLifeObject.cpp">
      <Filter>Object</Filter>
    </ClCompile>
    <ClCompile Include="Object002_MovingObject.cpp">
      <Filter>Object</Filter>
    </ClCompile>
    <ClCompile Include="Object004_BasePlayer.cpp">
      <Filter>Object</Filter>
    </ClCompile>
    <ClCompile Include="Object005_MyPlayer.cpp">
      <Filter>Object</Filter>
    </ClCompile>
  </ItemGroup>
  <ItemGroup>
    <ResourceCompile Include="GameServerPTermProjectClient.rc">
      <Filter>리소스 파일</Filter>
    </ResourceCompile>
  </ItemGroup>
  <ItemGroup>
    <Image Include="small.ico">
      <Filter>리소스 파일</Filter>
    </Image>
    <Image Include="GameServerPTermProjectClient.ico">
      <Filter>리소스 파일</Filter>
    </Image>
  </ItemGroup>
</Project>