
Microsoft Visual Studio Solution File, Format Version 12.00
# Visual Studio 15
VisualStudioVersion = 15.0.28307.645
MinimumVisualStudioVersion = 10.0.40219.1
Project("{8BC9CEB8-8B4A-11D0-8D11-00A0C91BC942}") = "GameServerP-TermProject_QueryServer", "GameServerP-TermProject_QueryServer\GameServerP-TermProject_QueryServer.vcxproj", "{FD99878C-5CCB-4013-B0A0-67333651DE89}"
EndProject
Global
	GlobalSection(SolutionConfigurationPlatforms) = preSolution
		Debug|x64 = Debug|x64
		Debug|x86 = Debug|x86
		Release|x64 = Release|x64
		Release|x86 = Release|x86
	EndGlobalSection
	GlobalSection(ProjectConfigurationPlatforms) = postSolution
		{FD99878C-5CCB-4013-B0A0-67333651DE89}.Debug|x64.ActiveCfg = Debug|x64
		{FD99878C-5CCB-4013-B0A0-67333651DE89}.Debug|x64.Build.0 = Debug|x64
		{FD99878C-5CCB-4013-B0A0-67333651DE89}.Debug|x86.ActiveCfg = Debug|Win32
		{FD99878C-5CCB-4013-B0A0-67333651DE89}.Debug|x86.Build.0 = Debug|Win32
		{FD99878C-5CCB-4013-B0A0-67333651DE89}.Release|x64.ActiveCfg = Release|x64
		{FD99878C-5CCB-4013-B0A0-67333651DE89}.Release|x64.Build.0 = Release|x64
		{FD99878C-5CCB-4013-B0A0-67333651DE89}.Release|x86.ActiveCfg = Release|Win32
		{FD99878C-5CCB-4013-B0A0-67333651DE89}.Release|x86.Build.0 = Release|Win32
	EndGlobalSection
	GlobalSection(SolutionProperties) = preSolution
		HideSolutionNode = FALSE
	EndGlobalSection
	GlobalSection(ExtensibilityGlobals) = postSolution
		SolutionGuid = {326C4265-BA44-4491-A429-F2650DC3A68F}
	EndGlobalSection
EndGlobal
